
Microsoft Visual Studio Solution File, Format Version 12.00
# Visual Studio 14
VisualStudioVersion = 14.0.25420.1
MinimumVisualStudioVersion = 10.0.40219.1
Project("{FAE04EC0-301F-11D3-BF4B-00C04F79EFBC}") = "001-我们的第一个c sharp编程", "1\001-我们的第一个c sharp编程.csproj", "{56FA5B25-7C74-4081-BF5E-0136DDFB6247}"
EndProject
Project("{FAE04EC0-301F-11D3-BF4B-00C04F79EFBC}") = "002-变量", "2\002-变量.csproj", "{4B3CF336-567C-4E27-A186-363BEB4C8BFE}"
EndProject
Project("{FAE04EC0-301F-11D3-BF4B-00C04F79EFBC}") = "003-变量的类型", "3\003-变量的类型.csproj", "{D6AA6529-2B81-4337-9C02-E5D4785516DE}"
EndProject
Project("{FAE04EC0-301F-11D3-BF4B-00C04F79EFBC}") = "004-练习 定义变量储存主角的信息", "4\004-练习 定义变量储存主角的信息.csproj", "{225DEDB2-E67B-4E66-ABD5-36A0523B7BD7}"
EndProject
Project("{FAE04EC0-301F-11D3-BF4B-00C04F79EFBC}") = "005-在支付串前面加上@字符", "005-在支付串前面加上@字符\005-在支付串前面加上@字符.csproj", "{20DA6D2C-BEF3-4580-8D5C-292888736259}"
EndProject
Project("{FAE04EC0-301F-11D3-BF4B-00C04F79EFBC}") = "006-变量的声明和赋值", "006-变量的声明和赋值\006-变量的声明和赋值.csproj", "{7B147F50-D001-4233-B292-A07498A85496}"
EndProject
Project("{FAE04EC0-301F-11D3-BF4B-00C04F79EFBC}") = "007-数学运算符", "数学运算符\007-数学运算符.csproj", "{81661C33-362B-4392-9769-BCBC3AF2957D}"
EndProject
Project("{FAE04EC0-301F-11D3-BF4B-00C04F79EFBC}") = "008-数字运算符 自增和自减", "数字运算符 自增和自减\008-数字运算符 自增和自减.csproj", "{B13587F4-6FE6-4B3C-99C4-4B7B5E42800F}"
EndProject
Project("{FAE04EC0-301F-11D3-BF4B-00C04F79EFBC}") = "009-从键盘上读取输入的字符串和字符串转换成数据", "009-从键盘上读取输入的字符串\009-从键盘上读取输入的字符串和字符串转换成数据.csproj", "{3E73BE60-1215-41B5-8F68-10CB61ECDF28}"
EndProject
Project("{FAE04EC0-301F-11D3-BF4B-00C04F79EFBC}") = "010-接收用户的输入数字，求出和", "010-接收用户的输入数字，求出和\010-接收用户的输入数字，求出和.csproj", "{DB0D25E8-7A5E-4E58-B42D-4CC11C7349A7}"
EndProject
Project("{FAE04EC0-301F-11D3-BF4B-00C04F79EFBC}") = "011-赋值运算符", "0.11-赋值运算符\011-赋值运算符.csproj", "{576EDA2A-A1B4-4774-A492-BF6BB9A1CE98}"
EndProject
Project("{FAE04EC0-301F-11D3-BF4B-00C04F79EFBC}") = "012-运算符的优先级", "012-运算符的优先级\012-运算符的优先级.csproj", "{7445339F-5012-4215-B911-11ED7BD38413}"
EndProject
Project("{FAE04EC0-301F-11D3-BF4B-00C04F79EFBC}") = "013-练习", "013-练习\013-练习.csproj", "{442EE3EB-94E0-48BC-8942-F460E02C92C3}"
EndProject
Project("{FAE04EC0-301F-11D3-BF4B-00C04F79EFBC}") = "016-布尔运算", "016-布尔运算\016-布尔运算.csproj", "{11780DB4-B510-46AB-B201-A11038504B7E}"
EndProject
Project("{FAE04EC0-301F-11D3-BF4B-00C04F79EFBC}") = "017-布尔运算符", "017-布尔运算符\017-布尔运算符.csproj", "{368F5DE2-3DBC-42FD-BB34-95AB902ADCBA}"
EndProject
Project("{FAE04EC0-301F-11D3-BF4B-00C04F79EFBC}") = "018-条件布尔运算符", "018-条件布尔运算符\018-条件布尔运算符.csproj", "{B1C2256C-9055-494B-A9B5-EA4C5D7E1B76}"
EndProject
Project("{FAE04EC0-301F-11D3-BF4B-00C04F79EFBC}") = "019-关于goto语句", "019-关于goto语句\019-关于goto语句.csproj", "{A704783B-4513-425A-8D1D-062794A568FF}"
EndProject
Project("{FAE04EC0-301F-11D3-BF4B-00C04F79EFBC}") = "020-关于if语句;", "020-关于if语句;\020-关于if语句;.csproj", "{53CE941E-1583-46B7-832D-32F5FE438111}"
EndProject
Project("{FAE04EC0-301F-11D3-BF4B-00C04F79EFBC}") = "022-使用if else if else语句做多条件判断", "022-\022-使用if else if else语句做多条件判断.csproj", "{D5330A52-19EB-4849-A970-C9171963C473}"
EndProject
Project("{FAE04EC0-301F-11D3-BF4B-00C04F79EFBC}") = "021-三元运算符", "021-三元运算符\021-三元运算符.csproj", "{77C01C8F-C1DB-4D1D-82DF-5E91B5137254}"
EndProject
Project("{FAE04EC0-301F-11D3-BF4B-00C04F79EFBC}") = "023-switch语句", "023-switch语句\023-switch语句.csproj", "{F8AB85EB-7807-4053-9615-2A3E715699BC}"
EndProject
Project("{FAE04EC0-301F-11D3-BF4B-00C04F79EFBC}") = "024-while循环", "024-while循环\024-while循环.csproj", "{D529BD8D-AC9C-49F9-93A1-9B728CEE035C}"
EndProject
Project("{FAE04EC0-301F-11D3-BF4B-00C04F79EFBC}") = "025-do while循环", "025-do while循环\025-do while循环.csproj", "{9FA6B52D-5A86-40CC-823A-FA3CB07FA0CA}"
EndProject
Project("{FAE04EC0-301F-11D3-BF4B-00C04F79EFBC}") = "026-for循环", "026-for循环\026-for循环.csproj", "{FDD6F51D-C903-45C6-BEE5-FC145C939E55}"
EndProject
Project("{FAE04EC0-301F-11D3-BF4B-00C04F79EFBC}") = "027-循环的终止break语句", "027-循环的终止break语句\027-循环的终止break语句.csproj", "{F2737477-D633-4B0E-9474-3BD7F81F51F5}"
EndProject
Project("{FAE04EC0-301F-11D3-BF4B-00C04F79EFBC}") = "028-循环的中断continue", "028-循环的中断continue，goto和return结束循环(2)\028-循环的中断continue.csproj", "{1ECE6D1F-D146-40F0-9D14-D0AB3D6ADE33}"
EndProject
Project("{FAE04EC0-301F-11D3-BF4B-00C04F79EFBC}") = "029-goto和return结束循环", "029-goto和return结束循环\029-goto和return结束循环.csproj", "{115A104C-68DC-422F-A102-255EBBF3550E}"
EndProject
Project("{FAE04EC0-301F-11D3-BF4B-00C04F79EFBC}") = "030-练习", "030-练习\030-练习.csproj", "{9F33FA76-311A-408C-86EE-003C118318F4}"
EndProject
Project("{FAE04EC0-301F-11D3-BF4B-00C04F79EFBC}") = "1-课堂练习", "课堂练习\1-课堂练习.csproj", "{7AEBC8C3-D1E4-4BF7-BBCB-9E803E0041DF}"
EndProject
Project("{2150E333-8FDC-42A3-9474-1A3956D46DE8}") = "课堂练习", "课堂练习", "{FA3CE468-C605-45A1-ADAF-547DBB9D8A09}"
EndProject
Project("{2150E333-8FDC-42A3-9474-1A3956D46DE8}") = "视频练习", "视频练习", "{DBD52413-785F-40FE-8EC0-43F848BD28FD}"
EndProject
Project("{FAE04EC0-301F-11D3-BF4B-00C04F79EFBC}") = "036-显示转换和隐式转换", "036-显示转换和隐式转换\036-显示转换和隐式转换.csproj", "{BC9BBED9-50A3-4F9C-9583-E65CB729F1FB}"
EndProject
Project("{FAE04EC0-301F-11D3-BF4B-00C04F79EFBC}") = "037-枚举类型", "037-枚举类型\037-枚举类型.csproj", "{3A3A8C31-19BB-49E8-9CA6-7B33DE6D28DA}"
EndProject
Project("{FAE04EC0-301F-11D3-BF4B-00C04F79EFBC}") = "038-结构体", "038-结构体\038-结构体.csproj", "{E51D4B98-7B4C-4DF7-A767-0B1E8CC5948F}"
EndProject
Project("{FAE04EC0-301F-11D3-BF4B-00C04F79EFBC}") = "039-数组", "040-\039-数组.csproj", "{9B854DA2-D5A7-4698-BE36-18177444426C}"
EndProject
Project("{FAE04EC0-301F-11D3-BF4B-00C04F79EFBC}") = "040-字符串", "040-字符串\040-字符串.csproj", "{B876C20A-5BD8-4908-8589-0E89FB42AF5A}"
EndProject
Project("{FAE04EC0-301F-11D3-BF4B-00C04F79EFBC}") = "041-练习", "41-练习\041-练习.csproj", "{1BA8A96B-B86A-47C1-9306-5EC2D0580D17}"
EndProject
Project("{FAE04EC0-301F-11D3-BF4B-00C04F79EFBC}") = "048-函数的定义", "048-函数的定义\048-函数的定义.csproj", "{0A2F3745-6B72-449C-AE2E-6B2E7C223FDB}"
EndProject
Project("{FAE04EC0-301F-11D3-BF4B-00C04F79EFBC}") = "050-参数数组_定义一个参数个数不确定的函数", "050-参数数组_定义一个参数个数不确定的函数\050-参数数组_定义一个参数个数不确定的函数.csproj", "{EE82E2D3-F594-4786-8F67-D97D3BCF9878}"
EndProject
Project("{FAE04EC0-301F-11D3-BF4B-00C04F79EFBC}") = "051-结构函数的定义和使用", "051-结构函数的定义和使用\051-结构函数的定义和使用.csproj", "{998ED616-1478-4EFF-B823-9A4422268C83}"
EndProject
Project("{FAE04EC0-301F-11D3-BF4B-00C04F79EFBC}") = "052-函数的重载", "052-函数的重载\052-函数的重载.csproj", "{6262BE4E-6323-40CD-9DB7-890A0C3A01E9}"
EndProject
Project("{FAE04EC0-301F-11D3-BF4B-00C04F79EFBC}") = "053-委托的使用", "053-委托的使用\053-委托的使用.csproj", "{AECD5D42-096C-418C-8198-FF662EE359FF}"
EndProject
Project("{FAE04EC0-301F-11D3-BF4B-00C04F79EFBC}") = "054-练习", "054-练习\054-练习.csproj", "{982A98EB-318E-4C55-94DC-24FF70957383}"
EndProject
Project("{FAE04EC0-301F-11D3-BF4B-00C04F79EFBC}") = "方法的返回值", "方法的返回值\方法的返回值.csproj", "{0FF384BB-2ED3-4B08-804A-CE66BEAC0ECD}"
EndProject
Project("{FAE04EC0-301F-11D3-BF4B-00C04F79EFBC}") = "方法的重载", "方法的重载\方法的重载.csproj", "{94D1B8C6-978B-4CB5-8253-561E7A33AFB9}"
EndProject
Project("{FAE04EC0-301F-11D3-BF4B-00C04F79EFBC}") = "列表Arraylist和list", "列表Arraylist\列表Arraylist和list.csproj", "{64989E47-BE49-4EB3-8C17-C9882378E360}"
EndProject
Project("{FAE04EC0-301F-11D3-BF4B-00C04F79EFBC}") = "数组——课堂", "数组——课堂\数组——课堂.csproj", "{DD8B3567-9867-4678-91E8-217FCDD1247D}"
EndProject
Project("{FAE04EC0-301F-11D3-BF4B-00C04F79EFBC}") = "习题1", "习题1\习题1.csproj", "{CD35AC4E-F640-4430-B28F-71481B894C7D}"
EndProject
Project("{FAE04EC0-301F-11D3-BF4B-00C04F79EFBC}") = "字典", "字典\字典.csproj", "{3944831C-4D48-4526-9FEA-3BEA6FD5324F}"
EndProject
Project("{FAE04EC0-301F-11D3-BF4B-00C04F79EFBC}") = "004-异常处理", "004-异常处理\004-异常处理.csproj", "{068BAC65-7EB6-405D-A20A-D2CE24B4F05A}"
EndProject
Project("{2150E333-8FDC-42A3-9474-1A3956D46DE8}") = "中级视频", "中级视频", "{B292531F-E498-402F-AE41-287AE53A4865}"
EndProject
Project("{FAE04EC0-301F-11D3-BF4B-00C04F79EFBC}") = "ConsoleApplication4", "ConsoleApplication4\ConsoleApplication4.csproj", "{C829B123-1344-40BE-B974-084D54A0287F}"
EndProject
Project("{FAE04EC0-301F-11D3-BF4B-00C04F79EFBC}") = "006-类的定义和声明", "006-类的定义和声明\006-类的定义和声明.csproj", "{74DAA57A-AD92-4035-B678-1E39FD745CFE}"
EndProject
Project("{FAE04EC0-301F-11D3-BF4B-00C04F79EFBC}") = "007-构造函数", "007-构造函数\007-构造函数.csproj", "{CD350BEC-A8CA-4E80-BBA2-AE4074E2B1AA}"
EndProject
Project("{FAE04EC0-301F-11D3-BF4B-00C04F79EFBC}") = "008-属性get-set", "008-属性get-set\008-属性get-set.csproj", "{D9CE4D68-A375-4523-8B34-39260A94C6A6}"
EndProject
Project("{FAE04EC0-301F-11D3-BF4B-00C04F79EFBC}") = "009-匿名函数", "009-匿名函数\009-匿名函数.csproj", "{762923F8-5D90-44E8-84E0-62A5812C0587}"
EndProject
Project("{FAE04EC0-301F-11D3-BF4B-00C04F79EFBC}") = "out----ref", "out----ref\out----ref.csproj", "{40AD8326-9D68-43AF-BCD2-800686DA249C}"
EndProject
Project("{FAE04EC0-301F-11D3-BF4B-00C04F79EFBC}") = "委托", "委托\委托.csproj", "{20EB86DE-E059-49BC-A0BC-DEDBFDE4A95F}"
EndProject
Project("{FAE04EC0-301F-11D3-BF4B-00C04F79EFBC}") = "面向对象编程——类", "面向对象编程——类\面向对象编程——类.csproj", "{65D2283F-2C48-4B50-AC2D-64924BDD482B}"
EndProject
Project("{FAE04EC0-301F-11D3-BF4B-00C04F79EFBC}") = "属性", "属性\属性.csproj", "{DC380210-2293-46E8-A6B0-65794AAC301D}"
EndProject
Project("{FAE04EC0-301F-11D3-BF4B-00C04F79EFBC}") = "010----虚方法", "010----虚方法\010----虚方法.csproj", "{EC770155-8282-4992-B15D-D2D3A0A06C61}"
EndProject
Project("{FAE04EC0-301F-11D3-BF4B-00C04F79EFBC}") = "部分类", "部分类\部分类.csproj", "{34B18AB1-DC43-4DEA-8C0E-7B907842F688}"
EndProject
Project("{FAE04EC0-301F-11D3-BF4B-00C04F79EFBC}") = "常量", "常量\常量.csproj", "{31EEFF0F-B3E3-4721-91D6-779E0FF9EC36}"
EndProject
Project("{FAE04EC0-301F-11D3-BF4B-00C04F79EFBC}") = "构造函数", "构造函数\构造函数.csproj", "{4C5C7AA6-BCCC-4DA2-B319-C6C8270B712E}"
EndProject
Project("{FAE04EC0-301F-11D3-BF4B-00C04F79EFBC}") = "枚举", "枚举\枚举.csproj", "{EA6721D9-E17A-49CD-A15D-61020D1F5A61}"
EndProject
Project("{FAE04EC0-301F-11D3-BF4B-00C04F79EFBC}") = "014-密封类和密封方法", "013-密封类和密封方法\014-密封类和密封方法.csproj", "{89ADAFB8-916F-4515-9E08-E03CD94ECB49}"
EndProject
Project("{FAE04EC0-301F-11D3-BF4B-00C04F79EFBC}") = "结构体", "结构体\结构体.csproj", "{0D0BE0BB-C2D5-40E0-9C2C-9A61CA142358}"
EndProject
Project("{FAE04EC0-301F-11D3-BF4B-00C04F79EFBC}") = "继承", "继承\继承.csproj", "{18688ED5-76C0-437F-8AE4-502DE653A46D}"
EndProject
Project("{FAE04EC0-301F-11D3-BF4B-00C04F79EFBC}") = "005--面向对象编程——继承", "面向对象编程——继承\005--面向对象编程——继承.csproj", "{2F9D6293-DB10-4140-BE58-410BFDB2FF68}"
EndProject
Project("{FAE04EC0-301F-11D3-BF4B-00C04F79EFBC}") = "013---抽象类", "013---抽象类\013---抽象类.csproj", "{B2BAFA99-5B25-46B4-91C1-6D78162BCEF8}"
EndProject
Project("{FAE04EC0-301F-11D3-BF4B-00C04F79EFBC}") = "012---隐藏方法", "012----虚假方法\012---隐藏方法.csproj", "{7FF755CE-AA78-4D78-A53B-6ADC07B872A8}"
EndProject
Project("{FAE04EC0-301F-11D3-BF4B-00C04F79EFBC}") = "011-派生类的构造函数", "011-派生类的构造函数\011-派生类的构造函数.csproj", "{58C096F8-C670-4CCC-BAE4-F8DAFB5CF4AD}"
EndProject
Project("{FAE04EC0-301F-11D3-BF4B-00C04F79EFBC}") = "015--接口", "015--接口\015--接口.csproj", "{23AFA29E-C742-457C-8CD8-BFC731B3EB6C}"
EndProject
Project("{FAE04EC0-301F-11D3-BF4B-00C04F79EFBC}") = "抽象类", "抽象类\抽象类.csproj", "{4CBB13D3-E923-460D-939E-A47E8330AA5F}"
EndProject
Project("{FAE04EC0-301F-11D3-BF4B-00C04F79EFBC}") = "静态static", "静态static\静态static.csproj", "{CCD5285F-7BA0-45A4-9688-967C033FDA06}"
EndProject
Project("{FAE04EC0-301F-11D3-BF4B-00C04F79EFBC}") = "接口", "接口\接口.csproj", "{042E8E80-E280-4078-B933-24073685D2B0}"
EndProject
Project("{FAE04EC0-301F-11D3-BF4B-00C04F79EFBC}") = "单例模式", "单例模式\单例模式.csproj", "{A37EF462-9BAC-4E89-9641-C27A2A506F87}"
EndProject
Project("{FAE04EC0-301F-11D3-BF4B-00C04F79EFBC}") = "CLR+GC", "CLR+GC\CLR+GC.csproj", "{42E0BEC4-F21F-4C43-BC8E-2FFF06A8A5F0}"
EndProject
Project("{FAE04EC0-301F-11D3-BF4B-00C04F79EFBC}") = "TroubleTest——有new方法的里氏替换原则", "Test\TroubleTest——有new方法的里氏替换原则.csproj", "{A5A265E0-DF1A-4B9B-9A62-62DD36DB0405}"
EndProject
Project("{2150E333-8FDC-42A3-9474-1A3956D46DE8}") = "错误集", "错误集", "{F743BEB0-E101-4605-9504-2A85061E0AA7}"
EndProject
Project("{FAE04EC0-301F-11D3-BF4B-00C04F79EFBC}") = "TroubleTest1", "TroubleTest\TroubleTest1.csproj", "{4697DCC1-D4C5-47B4-98F8-3DCAB52C6CEF}"
EndProject
Project("{FAE04EC0-301F-11D3-BF4B-00C04F79EFBC}") = "TroubleTest2---结构体对结构体的赋值", "TroubleTest2\TroubleTest2---结构体对结构体的赋值.csproj", "{92028E09-F203-4138-BCF4-43DAF1AC3EF9}"
EndProject
Project("{FAE04EC0-301F-11D3-BF4B-00C04F79EFBC}") = "016--列表List的创建和使用", "016--列表List的创建和使用\016--列表List的创建和使用.csproj", "{AFE26840-35FB-44D1-BD4B-94C657E860C1}"
EndProject
Project("{FAE04EC0-301F-11D3-BF4B-00C04F79EFBC}") = "017--操作列表的属性和方法", "017--操作列表的属性和方法\017--操作列表的属性和方法.csproj", "{7DCC5FE8-8BDA-43D3-859F-91DA3C86E18F}"
EndProject
Project("{FAE04EC0-301F-11D3-BF4B-00C04F79EFBC}") = "018-泛型", "018-泛型类的定义\018-泛型.csproj", "{75EC7451-5F71-4A93-A235-DDD1715BE62B}"
EndProject
Project("{FAE04EC0-301F-11D3-BF4B-00C04F79EFBC}") = "internal和object", "internal和object\internal和object.csproj", "{1F748D00-F289-4AFC-9F27-E9076D1D2C03}"
EndProject
Project("{FAE04EC0-301F-11D3-BF4B-00C04F79EFBC}") = "019-创建我们自己的列表MyList", "019-创建我们自己的列表MyList\019-创建我们自己的列表MyList.csproj", "{95C6E000-A181-4E6F-B021-A76D47EF6B16}"
EndProject
Project("{2150E333-8FDC-42A3-9474-1A3956D46DE8}") = "高级视频", "高级视频", "{B7E0DF53-E351-465B-8938-BE95C6BAF82F}"
EndProject
Project("{FAE04EC0-301F-11D3-BF4B-00C04F79EFBC}") = "001-字符串的方法", "字符串的方法\001-字符串的方法.csproj", "{8E94F48D-B542-496C-825E-D3BDA826277D}"
EndProject
Project("{FAE04EC0-301F-11D3-BF4B-00C04F79EFBC}") = "002-StringBuilder", "StringBuilder\002-StringBuilder.csproj", "{53AEC80F-A073-451D-974E-F52DAD2715A4}"
EndProject
Project("{FAE04EC0-301F-11D3-BF4B-00C04F79EFBC}") = "003-正则运算", "正则运算\003-正则运算.csproj", "{40CE884A-6030-4446-AFE3-71B6F5729EDA}"
EndProject
Project("{FAE04EC0-301F-11D3-BF4B-00C04F79EFBC}") = "004-委托", "004-委托\004-委托.csproj", "{3D14C509-F031-4E32-85B5-4E691ED8547A}"
EndProject
Project("{FAE04EC0-301F-11D3-BF4B-00C04F79EFBC}") = "005-冒泡排序的扩展", "冒泡排序的扩展\005-冒泡排序的扩展.csproj", "{D76D12AD-D084-4E2D-9B1F-AA48ED098BFC}"
EndProject
Project("{FAE04EC0-301F-11D3-BF4B-00C04F79EFBC}") = "006-匿名方法+Lambda表达式", "006-匿名方法\006-匿名方法+Lambda表达式.csproj", "{AFA24908-C5CB-4008-BEAE-4E0BC72A6AD6}"
EndProject
Project("{FAE04EC0-301F-11D3-BF4B-00C04F79EFBC}") = "008-观察者设计模式——猫捉老鼠", "008-观察者设计模式——猫捉老鼠\008-观察者设计模式——猫捉老鼠.csproj", "{9EFDAF0C-3C23-47D9-90EA-38B51F916194}"
EndProject
Project("{FAE04EC0-301F-11D3-BF4B-00C04F79EFBC}") = "009-LINQ查询", "009-LINQ查询\009-LINQ查询.csproj", "{023D4E86-E76B-4348-A3E0-CCA85E0DF78F}"
EndProject
Project("{FAE04EC0-301F-11D3-BF4B-00C04F79EFBC}") = "007-事件", "007-事件\007-事件.csproj", "{0168789C-1DD2-4A97-B9B4-12C079518429}"
EndProject
Global
	GlobalSection(SolutionConfigurationPlatforms) = preSolution
		Debug|Any CPU = Debug|Any CPU
		Release|Any CPU = Release|Any CPU
	EndGlobalSection
	GlobalSection(ProjectConfigurationPlatforms) = postSolution
		{56FA5B25-7C74-4081-BF5E-0136DDFB6247}.Debug|Any CPU.ActiveCfg = Debug|Any CPU
		{56FA5B25-7C74-4081-BF5E-0136DDFB6247}.Debug|Any CPU.Build.0 = Debug|Any CPU
		{56FA5B25-7C74-4081-BF5E-0136DDFB6247}.Release|Any CPU.ActiveCfg = Release|Any CPU
		{56FA5B25-7C74-4081-BF5E-0136DDFB6247}.Release|Any CPU.Build.0 = Release|Any CPU
		{4B3CF336-567C-4E27-A186-363BEB4C8BFE}.Debug|Any CPU.ActiveCfg = Debug|Any CPU
		{4B3CF336-567C-4E27-A186-363BEB4C8BFE}.Debug|Any CPU.Build.0 = Debug|Any CPU
		{4B3CF336-567C-4E27-A186-363BEB4C8BFE}.Release|Any CPU.ActiveCfg = Release|Any CPU
		{4B3CF336-567C-4E27-A186-363BEB4C8BFE}.Release|Any CPU.Build.0 = Release|Any CPU
		{D6AA6529-2B81-4337-9C02-E5D4785516DE}.Debug|Any CPU.ActiveCfg = Debug|Any CPU
		{D6AA6529-2B81-4337-9C02-E5D4785516DE}.Debug|Any CPU.Build.0 = Debug|Any CPU
		{D6AA6529-2B81-4337-9C02-E5D4785516DE}.Release|Any CPU.ActiveCfg = Release|Any CPU
		{D6AA6529-2B81-4337-9C02-E5D4785516DE}.Release|Any CPU.Build.0 = Release|Any CPU
		{225DEDB2-E67B-4E66-ABD5-36A0523B7BD7}.Debug|Any CPU.ActiveCfg = Debug|Any CPU
		{225DEDB2-E67B-4E66-ABD5-36A0523B7BD7}.Debug|Any CPU.Build.0 = Debug|Any CPU
		{225DEDB2-E67B-4E66-ABD5-36A0523B7BD7}.Release|Any CPU.ActiveCfg = Release|Any CPU
		{225DEDB2-E67B-4E66-ABD5-36A0523B7BD7}.Release|Any CPU.Build.0 = Release|Any CPU
		{20DA6D2C-BEF3-4580-8D5C-292888736259}.Debug|Any CPU.ActiveCfg = Debug|Any CPU
		{20DA6D2C-BEF3-4580-8D5C-292888736259}.Debug|Any CPU.Build.0 = Debug|Any CPU
		{20DA6D2C-BEF3-4580-8D5C-292888736259}.Release|Any CPU.ActiveCfg = Release|Any CPU
		{20DA6D2C-BEF3-4580-8D5C-292888736259}.Release|Any CPU.Build.0 = Release|Any CPU
		{7B147F50-D001-4233-B292-A07498A85496}.Debug|Any CPU.ActiveCfg = Debug|Any CPU
		{7B147F50-D001-4233-B292-A07498A85496}.Debug|Any CPU.Build.0 = Debug|Any CPU
		{7B147F50-D001-4233-B292-A07498A85496}.Release|Any CPU.ActiveCfg = Release|Any CPU
		{7B147F50-D001-4233-B292-A07498A85496}.Release|Any CPU.Build.0 = Release|Any CPU
		{81661C33-362B-4392-9769-BCBC3AF2957D}.Debug|Any CPU.ActiveCfg = Debug|Any CPU
		{81661C33-362B-4392-9769-BCBC3AF2957D}.Debug|Any CPU.Build.0 = Debug|Any CPU
		{81661C33-362B-4392-9769-BCBC3AF2957D}.Release|Any CPU.ActiveCfg = Release|Any CPU
		{81661C33-362B-4392-9769-BCBC3AF2957D}.Release|Any CPU.Build.0 = Release|Any CPU
		{B13587F4-6FE6-4B3C-99C4-4B7B5E42800F}.Debug|Any CPU.ActiveCfg = Debug|Any CPU
		{B13587F4-6FE6-4B3C-99C4-4B7B5E42800F}.Debug|Any CPU.Build.0 = Debug|Any CPU
		{B13587F4-6FE6-4B3C-99C4-4B7B5E42800F}.Release|Any CPU.ActiveCfg = Release|Any CPU
		{B13587F4-6FE6-4B3C-99C4-4B7B5E42800F}.Release|Any CPU.Build.0 = Release|Any CPU
		{3E73BE60-1215-41B5-8F68-10CB61ECDF28}.Debug|Any CPU.ActiveCfg = Debug|Any CPU
		{3E73BE60-1215-41B5-8F68-10CB61ECDF28}.Debug|Any CPU.Build.0 = Debug|Any CPU
		{3E73BE60-1215-41B5-8F68-10CB61ECDF28}.Release|Any CPU.ActiveCfg = Release|Any CPU
		{3E73BE60-1215-41B5-8F68-10CB61ECDF28}.Release|Any CPU.Build.0 = Release|Any CPU
		{DB0D25E8-7A5E-4E58-B42D-4CC11C7349A7}.Debug|Any CPU.ActiveCfg = Debug|Any CPU
		{DB0D25E8-7A5E-4E58-B42D-4CC11C7349A7}.Debug|Any CPU.Build.0 = Debug|Any CPU
		{DB0D25E8-7A5E-4E58-B42D-4CC11C7349A7}.Release|Any CPU.ActiveCfg = Release|Any CPU
		{DB0D25E8-7A5E-4E58-B42D-4CC11C7349A7}.Release|Any CPU.Build.0 = Release|Any CPU
		{576EDA2A-A1B4-4774-A492-BF6BB9A1CE98}.Debug|Any CPU.ActiveCfg = Debug|Any CPU
		{576EDA2A-A1B4-4774-A492-BF6BB9A1CE98}.Debug|Any CPU.Build.0 = Debug|Any CPU
		{576EDA2A-A1B4-4774-A492-BF6BB9A1CE98}.Release|Any CPU.ActiveCfg = Release|Any CPU
		{576EDA2A-A1B4-4774-A492-BF6BB9A1CE98}.Release|Any CPU.Build.0 = Release|Any CPU
		{7445339F-5012-4215-B911-11ED7BD38413}.Debug|Any CPU.ActiveCfg = Debug|Any CPU
		{7445339F-5012-4215-B911-11ED7BD38413}.Debug|Any CPU.Build.0 = Debug|Any CPU
		{7445339F-5012-4215-B911-11ED7BD38413}.Release|Any CPU.ActiveCfg = Release|Any CPU
		{7445339F-5012-4215-B911-11ED7BD38413}.Release|Any CPU.Build.0 = Release|Any CPU
		{442EE3EB-94E0-48BC-8942-F460E02C92C3}.Debug|Any CPU.ActiveCfg = Debug|Any CPU
		{442EE3EB-94E0-48BC-8942-F460E02C92C3}.Debug|Any CPU.Build.0 = Debug|Any CPU
		{442EE3EB-94E0-48BC-8942-F460E02C92C3}.Release|Any CPU.ActiveCfg = Release|Any CPU
		{442EE3EB-94E0-48BC-8942-F460E02C92C3}.Release|Any CPU.Build.0 = Release|Any CPU
		{11780DB4-B510-46AB-B201-A11038504B7E}.Debug|Any CPU.ActiveCfg = Debug|Any CPU
		{11780DB4-B510-46AB-B201-A11038504B7E}.Debug|Any CPU.Build.0 = Debug|Any CPU
		{11780DB4-B510-46AB-B201-A11038504B7E}.Release|Any CPU.ActiveCfg = Release|Any CPU
		{11780DB4-B510-46AB-B201-A11038504B7E}.Release|Any CPU.Build.0 = Release|Any CPU
		{368F5DE2-3DBC-42FD-BB34-95AB902ADCBA}.Debug|Any CPU.ActiveCfg = Debug|Any CPU
		{368F5DE2-3DBC-42FD-BB34-95AB902ADCBA}.Debug|Any CPU.Build.0 = Debug|Any CPU
		{368F5DE2-3DBC-42FD-BB34-95AB902ADCBA}.Release|Any CPU.ActiveCfg = Release|Any CPU
		{368F5DE2-3DBC-42FD-BB34-95AB902ADCBA}.Release|Any CPU.Build.0 = Release|Any CPU
		{B1C2256C-9055-494B-A9B5-EA4C5D7E1B76}.Debug|Any CPU.ActiveCfg = Debug|Any CPU
		{B1C2256C-9055-494B-A9B5-EA4C5D7E1B76}.Debug|Any CPU.Build.0 = Debug|Any CPU
		{B1C2256C-9055-494B-A9B5-EA4C5D7E1B76}.Release|Any CPU.ActiveCfg = Release|Any CPU
		{B1C2256C-9055-494B-A9B5-EA4C5D7E1B76}.Release|Any CPU.Build.0 = Release|Any CPU
		{A704783B-4513-425A-8D1D-062794A568FF}.Debug|Any CPU.ActiveCfg = Debug|Any CPU
		{A704783B-4513-425A-8D1D-062794A568FF}.Debug|Any CPU.Build.0 = Debug|Any CPU
		{A704783B-4513-425A-8D1D-062794A568FF}.Release|Any CPU.ActiveCfg = Release|Any CPU
		{A704783B-4513-425A-8D1D-062794A568FF}.Release|Any CPU.Build.0 = Release|Any CPU
		{53CE941E-1583-46B7-832D-32F5FE438111}.Debug|Any CPU.ActiveCfg = Debug|Any CPU
		{53CE941E-1583-46B7-832D-32F5FE438111}.Debug|Any CPU.Build.0 = Debug|Any CPU
		{53CE941E-1583-46B7-832D-32F5FE438111}.Release|Any CPU.ActiveCfg = Release|Any CPU
		{53CE941E-1583-46B7-832D-32F5FE438111}.Release|Any CPU.Build.0 = Release|Any CPU
		{D5330A52-19EB-4849-A970-C9171963C473}.Debug|Any CPU.ActiveCfg = Debug|Any CPU
		{D5330A52-19EB-4849-A970-C9171963C473}.Debug|Any CPU.Build.0 = Debug|Any CPU
		{D5330A52-19EB-4849-A970-C9171963C473}.Release|Any CPU.ActiveCfg = Release|Any CPU
		{D5330A52-19EB-4849-A970-C9171963C473}.Release|Any CPU.Build.0 = Release|Any CPU
		{77C01C8F-C1DB-4D1D-82DF-5E91B5137254}.Debug|Any CPU.ActiveCfg = Debug|Any CPU
		{77C01C8F-C1DB-4D1D-82DF-5E91B5137254}.Debug|Any CPU.Build.0 = Debug|Any CPU
		{77C01C8F-C1DB-4D1D-82DF-5E91B5137254}.Release|Any CPU.ActiveCfg = Release|Any CPU
		{77C01C8F-C1DB-4D1D-82DF-5E91B5137254}.Release|Any CPU.Build.0 = Release|Any CPU
		{F8AB85EB-7807-4053-9615-2A3E715699BC}.Debug|Any CPU.ActiveCfg = Debug|Any CPU
		{F8AB85EB-7807-4053-9615-2A3E715699BC}.Debug|Any CPU.Build.0 = Debug|Any CPU
		{F8AB85EB-7807-4053-9615-2A3E715699BC}.Release|Any CPU.ActiveCfg = Release|Any CPU
		{F8AB85EB-7807-4053-9615-2A3E715699BC}.Release|Any CPU.Build.0 = Release|Any CPU
		{D529BD8D-AC9C-49F9-93A1-9B728CEE035C}.Debug|Any CPU.ActiveCfg = Debug|Any CPU
		{D529BD8D-AC9C-49F9-93A1-9B728CEE035C}.Debug|Any CPU.Build.0 = Debug|Any CPU
		{D529BD8D-AC9C-49F9-93A1-9B728CEE035C}.Release|Any CPU.ActiveCfg = Release|Any CPU
		{D529BD8D-AC9C-49F9-93A1-9B728CEE035C}.Release|Any CPU.Build.0 = Release|Any CPU
		{9FA6B52D-5A86-40CC-823A-FA3CB07FA0CA}.Debug|Any CPU.ActiveCfg = Debug|Any CPU
		{9FA6B52D-5A86-40CC-823A-FA3CB07FA0CA}.Debug|Any CPU.Build.0 = Debug|Any CPU
		{9FA6B52D-5A86-40CC-823A-FA3CB07FA0CA}.Release|Any CPU.ActiveCfg = Release|Any CPU
		{9FA6B52D-5A86-40CC-823A-FA3CB07FA0CA}.Release|Any CPU.Build.0 = Release|Any CPU
		{FDD6F51D-C903-45C6-BEE5-FC145C939E55}.Debug|Any CPU.ActiveCfg = Debug|Any CPU
		{FDD6F51D-C903-45C6-BEE5-FC145C939E55}.Debug|Any CPU.Build.0 = Debug|Any CPU
		{FDD6F51D-C903-45C6-BEE5-FC145C939E55}.Release|Any CPU.ActiveCfg = Release|Any CPU
		{FDD6F51D-C903-45C6-BEE5-FC145C939E55}.Release|Any CPU.Build.0 = Release|Any CPU
		{F2737477-D633-4B0E-9474-3BD7F81F51F5}.Debug|Any CPU.ActiveCfg = Debug|Any CPU
		{F2737477-D633-4B0E-9474-3BD7F81F51F5}.Debug|Any CPU.Build.0 = Debug|Any CPU
		{F2737477-D633-4B0E-9474-3BD7F81F51F5}.Release|Any CPU.ActiveCfg = Release|Any CPU
		{F2737477-D633-4B0E-9474-3BD7F81F51F5}.Release|Any CPU.Build.0 = Release|Any CPU
		{1ECE6D1F-D146-40F0-9D14-D0AB3D6ADE33}.Debug|Any CPU.ActiveCfg = Debug|Any CPU
		{1ECE6D1F-D146-40F0-9D14-D0AB3D6ADE33}.Debug|Any CPU.Build.0 = Debug|Any CPU
		{1ECE6D1F-D146-40F0-9D14-D0AB3D6ADE33}.Release|Any CPU.ActiveCfg = Release|Any CPU
		{1ECE6D1F-D146-40F0-9D14-D0AB3D6ADE33}.Release|Any CPU.Build.0 = Release|Any CPU
		{115A104C-68DC-422F-A102-255EBBF3550E}.Debug|Any CPU.ActiveCfg = Debug|Any CPU
		{115A104C-68DC-422F-A102-255EBBF3550E}.Debug|Any CPU.Build.0 = Debug|Any CPU
		{115A104C-68DC-422F-A102-255EBBF3550E}.Release|Any CPU.ActiveCfg = Release|Any CPU
		{115A104C-68DC-422F-A102-255EBBF3550E}.Release|Any CPU.Build.0 = Release|Any CPU
		{9F33FA76-311A-408C-86EE-003C118318F4}.Debug|Any CPU.ActiveCfg = Debug|Any CPU
		{9F33FA76-311A-408C-86EE-003C118318F4}.Debug|Any CPU.Build.0 = Debug|Any CPU
		{9F33FA76-311A-408C-86EE-003C118318F4}.Release|Any CPU.ActiveCfg = Release|Any CPU
		{9F33FA76-311A-408C-86EE-003C118318F4}.Release|Any CPU.Build.0 = Release|Any CPU
		{7AEBC8C3-D1E4-4BF7-BBCB-9E803E0041DF}.Debug|Any CPU.ActiveCfg = Debug|Any CPU
		{7AEBC8C3-D1E4-4BF7-BBCB-9E803E0041DF}.Debug|Any CPU.Build.0 = Debug|Any CPU
		{7AEBC8C3-D1E4-4BF7-BBCB-9E803E0041DF}.Release|Any CPU.ActiveCfg = Release|Any CPU
		{7AEBC8C3-D1E4-4BF7-BBCB-9E803E0041DF}.Release|Any CPU.Build.0 = Release|Any CPU
		{BC9BBED9-50A3-4F9C-9583-E65CB729F1FB}.Debug|Any CPU.ActiveCfg = Debug|Any CPU
		{BC9BBED9-50A3-4F9C-9583-E65CB729F1FB}.Debug|Any CPU.Build.0 = Debug|Any CPU
		{BC9BBED9-50A3-4F9C-9583-E65CB729F1FB}.Release|Any CPU.ActiveCfg = Release|Any CPU
		{BC9BBED9-50A3-4F9C-9583-E65CB729F1FB}.Release|Any CPU.Build.0 = Release|Any CPU
		{3A3A8C31-19BB-49E8-9CA6-7B33DE6D28DA}.Debug|Any CPU.ActiveCfg = Debug|Any CPU
		{3A3A8C31-19BB-49E8-9CA6-7B33DE6D28DA}.Debug|Any CPU.Build.0 = Debug|Any CPU
		{3A3A8C31-19BB-49E8-9CA6-7B33DE6D28DA}.Release|Any CPU.ActiveCfg = Release|Any CPU
		{3A3A8C31-19BB-49E8-9CA6-7B33DE6D28DA}.Release|Any CPU.Build.0 = Release|Any CPU
		{E51D4B98-7B4C-4DF7-A767-0B1E8CC5948F}.Debug|Any CPU.ActiveCfg = Debug|Any CPU
		{E51D4B98-7B4C-4DF7-A767-0B1E8CC5948F}.Debug|Any CPU.Build.0 = Debug|Any CPU
		{E51D4B98-7B4C-4DF7-A767-0B1E8CC5948F}.Release|Any CPU.ActiveCfg = Release|Any CPU
		{E51D4B98-7B4C-4DF7-A767-0B1E8CC5948F}.Release|Any CPU.Build.0 = Release|Any CPU
		{9B854DA2-D5A7-4698-BE36-18177444426C}.Debug|Any CPU.ActiveCfg = Debug|Any CPU
		{9B854DA2-D5A7-4698-BE36-18177444426C}.Debug|Any CPU.Build.0 = Debug|Any CPU
		{9B854DA2-D5A7-4698-BE36-18177444426C}.Release|Any CPU.ActiveCfg = Release|Any CPU
		{9B854DA2-D5A7-4698-BE36-18177444426C}.Release|Any CPU.Build.0 = Release|Any CPU
		{B876C20A-5BD8-4908-8589-0E89FB42AF5A}.Debug|Any CPU.ActiveCfg = Debug|Any CPU
		{B876C20A-5BD8-4908-8589-0E89FB42AF5A}.Debug|Any CPU.Build.0 = Debug|Any CPU
		{B876C20A-5BD8-4908-8589-0E89FB42AF5A}.Release|Any CPU.ActiveCfg = Release|Any CPU
		{B876C20A-5BD8-4908-8589-0E89FB42AF5A}.Release|Any CPU.Build.0 = Release|Any CPU
		{1BA8A96B-B86A-47C1-9306-5EC2D0580D17}.Debug|Any CPU.ActiveCfg = Debug|Any CPU
		{1BA8A96B-B86A-47C1-9306-5EC2D0580D17}.Debug|Any CPU.Build.0 = Debug|Any CPU
		{1BA8A96B-B86A-47C1-9306-5EC2D0580D17}.Release|Any CPU.ActiveCfg = Release|Any CPU
		{1BA8A96B-B86A-47C1-9306-5EC2D0580D17}.Release|Any CPU.Build.0 = Release|Any CPU
		{0A2F3745-6B72-449C-AE2E-6B2E7C223FDB}.Debug|Any CPU.ActiveCfg = Debug|Any CPU
		{0A2F3745-6B72-449C-AE2E-6B2E7C223FDB}.Debug|Any CPU.Build.0 = Debug|Any CPU
		{0A2F3745-6B72-449C-AE2E-6B2E7C223FDB}.Release|Any CPU.ActiveCfg = Release|Any CPU
		{0A2F3745-6B72-449C-AE2E-6B2E7C223FDB}.Release|Any CPU.Build.0 = Release|Any CPU
		{EE82E2D3-F594-4786-8F67-D97D3BCF9878}.Debug|Any CPU.ActiveCfg = Debug|Any CPU
		{EE82E2D3-F594-4786-8F67-D97D3BCF9878}.Debug|Any CPU.Build.0 = Debug|Any CPU
		{EE82E2D3-F594-4786-8F67-D97D3BCF9878}.Release|Any CPU.ActiveCfg = Release|Any CPU
		{EE82E2D3-F594-4786-8F67-D97D3BCF9878}.Release|Any CPU.Build.0 = Release|Any CPU
		{998ED616-1478-4EFF-B823-9A4422268C83}.Debug|Any CPU.ActiveCfg = Debug|Any CPU
		{998ED616-1478-4EFF-B823-9A4422268C83}.Debug|Any CPU.Build.0 = Debug|Any CPU
		{998ED616-1478-4EFF-B823-9A4422268C83}.Release|Any CPU.ActiveCfg = Release|Any CPU
		{998ED616-1478-4EFF-B823-9A4422268C83}.Release|Any CPU.Build.0 = Release|Any CPU
		{6262BE4E-6323-40CD-9DB7-890A0C3A01E9}.Debug|Any CPU.ActiveCfg = Debug|Any CPU
		{6262BE4E-6323-40CD-9DB7-890A0C3A01E9}.Debug|Any CPU.Build.0 = Debug|Any CPU
		{6262BE4E-6323-40CD-9DB7-890A0C3A01E9}.Release|Any CPU.ActiveCfg = Release|Any CPU
		{6262BE4E-6323-40CD-9DB7-890A0C3A01E9}.Release|Any CPU.Build.0 = Release|Any CPU
		{AECD5D42-096C-418C-8198-FF662EE359FF}.Debug|Any CPU.ActiveCfg = Debug|Any CPU
		{AECD5D42-096C-418C-8198-FF662EE359FF}.Debug|Any CPU.Build.0 = Debug|Any CPU
		{AECD5D42-096C-418C-8198-FF662EE359FF}.Release|Any CPU.ActiveCfg = Release|Any CPU
		{AECD5D42-096C-418C-8198-FF662EE359FF}.Release|Any CPU.Build.0 = Release|Any CPU
		{982A98EB-318E-4C55-94DC-24FF70957383}.Debug|Any CPU.ActiveCfg = Debug|Any CPU
		{982A98EB-318E-4C55-94DC-24FF70957383}.Debug|Any CPU.Build.0 = Debug|Any CPU
		{982A98EB-318E-4C55-94DC-24FF70957383}.Release|Any CPU.ActiveCfg = Release|Any CPU
		{982A98EB-318E-4C55-94DC-24FF70957383}.Release|Any CPU.Build.0 = Release|Any CPU
		{0FF384BB-2ED3-4B08-804A-CE66BEAC0ECD}.Debug|Any CPU.ActiveCfg = Debug|Any CPU
		{0FF384BB-2ED3-4B08-804A-CE66BEAC0ECD}.Debug|Any CPU.Build.0 = Debug|Any CPU
		{0FF384BB-2ED3-4B08-804A-CE66BEAC0ECD}.Release|Any CPU.ActiveCfg = Release|Any CPU
		{0FF384BB-2ED3-4B08-804A-CE66BEAC0ECD}.Release|Any CPU.Build.0 = Release|Any CPU
		{94D1B8C6-978B-4CB5-8253-561E7A33AFB9}.Debug|Any CPU.ActiveCfg = Debug|Any CPU
		{94D1B8C6-978B-4CB5-8253-561E7A33AFB9}.Debug|Any CPU.Build.0 = Debug|Any CPU
		{94D1B8C6-978B-4CB5-8253-561E7A33AFB9}.Release|Any CPU.ActiveCfg = Release|Any CPU
		{94D1B8C6-978B-4CB5-8253-561E7A33AFB9}.Release|Any CPU.Build.0 = Release|Any CPU
		{64989E47-BE49-4EB3-8C17-C9882378E360}.Debug|Any CPU.ActiveCfg = Debug|Any CPU
		{64989E47-BE49-4EB3-8C17-C9882378E360}.Debug|Any CPU.Build.0 = Debug|Any CPU
		{64989E47-BE49-4EB3-8C17-C9882378E360}.Release|Any CPU.ActiveCfg = Release|Any CPU
		{64989E47-BE49-4EB3-8C17-C9882378E360}.Release|Any CPU.Build.0 = Release|Any CPU
		{DD8B3567-9867-4678-91E8-217FCDD1247D}.Debug|Any CPU.ActiveCfg = Debug|Any CPU
		{DD8B3567-9867-4678-91E8-217FCDD1247D}.Debug|Any CPU.Build.0 = Debug|Any CPU
		{DD8B3567-9867-4678-91E8-217FCDD1247D}.Release|Any CPU.ActiveCfg = Release|Any CPU
		{DD8B3567-9867-4678-91E8-217FCDD1247D}.Release|Any CPU.Build.0 = Release|Any CPU
		{CD35AC4E-F640-4430-B28F-71481B894C7D}.Debug|Any CPU.ActiveCfg = Debug|Any CPU
		{CD35AC4E-F640-4430-B28F-71481B894C7D}.Debug|Any CPU.Build.0 = Debug|Any CPU
		{CD35AC4E-F640-4430-B28F-71481B894C7D}.Release|Any CPU.ActiveCfg = Release|Any CPU
		{CD35AC4E-F640-4430-B28F-71481B894C7D}.Release|Any CPU.Build.0 = Release|Any CPU
		{3944831C-4D48-4526-9FEA-3BEA6FD5324F}.Debug|Any CPU.ActiveCfg = Debug|Any CPU
		{3944831C-4D48-4526-9FEA-3BEA6FD5324F}.Debug|Any CPU.Build.0 = Debug|Any CPU
		{3944831C-4D48-4526-9FEA-3BEA6FD5324F}.Release|Any CPU.ActiveCfg = Release|Any CPU
		{3944831C-4D48-4526-9FEA-3BEA6FD5324F}.Release|Any CPU.Build.0 = Release|Any CPU
		{068BAC65-7EB6-405D-A20A-D2CE24B4F05A}.Debug|Any CPU.ActiveCfg = Debug|Any CPU
		{068BAC65-7EB6-405D-A20A-D2CE24B4F05A}.Debug|Any CPU.Build.0 = Debug|Any CPU
		{068BAC65-7EB6-405D-A20A-D2CE24B4F05A}.Release|Any CPU.ActiveCfg = Release|Any CPU
		{068BAC65-7EB6-405D-A20A-D2CE24B4F05A}.Release|Any CPU.Build.0 = Release|Any CPU
		{C829B123-1344-40BE-B974-084D54A0287F}.Debug|Any CPU.ActiveCfg = Debug|Any CPU
		{C829B123-1344-40BE-B974-084D54A0287F}.Debug|Any CPU.Build.0 = Debug|Any CPU
		{C829B123-1344-40BE-B974-084D54A0287F}.Release|Any CPU.ActiveCfg = Release|Any CPU
		{C829B123-1344-40BE-B974-084D54A0287F}.Release|Any CPU.Build.0 = Release|Any CPU
		{74DAA57A-AD92-4035-B678-1E39FD745CFE}.Debug|Any CPU.ActiveCfg = Debug|Any CPU
		{74DAA57A-AD92-4035-B678-1E39FD745CFE}.Debug|Any CPU.Build.0 = Debug|Any CPU
		{74DAA57A-AD92-4035-B678-1E39FD745CFE}.Release|Any CPU.ActiveCfg = Release|Any CPU
		{74DAA57A-AD92-4035-B678-1E39FD745CFE}.Release|Any CPU.Build.0 = Release|Any CPU
		{CD350BEC-A8CA-4E80-BBA2-AE4074E2B1AA}.Debug|Any CPU.ActiveCfg = Debug|Any CPU
		{CD350BEC-A8CA-4E80-BBA2-AE4074E2B1AA}.Debug|Any CPU.Build.0 = Debug|Any CPU
		{CD350BEC-A8CA-4E80-BBA2-AE4074E2B1AA}.Release|Any CPU.ActiveCfg = Release|Any CPU
		{CD350BEC-A8CA-4E80-BBA2-AE4074E2B1AA}.Release|Any CPU.Build.0 = Release|Any CPU
		{D9CE4D68-A375-4523-8B34-39260A94C6A6}.Debug|Any CPU.ActiveCfg = Debug|Any CPU
		{D9CE4D68-A375-4523-8B34-39260A94C6A6}.Debug|Any CPU.Build.0 = Debug|Any CPU
		{D9CE4D68-A375-4523-8B34-39260A94C6A6}.Release|Any CPU.ActiveCfg = Release|Any CPU
		{D9CE4D68-A375-4523-8B34-39260A94C6A6}.Release|Any CPU.Build.0 = Release|Any CPU
		{762923F8-5D90-44E8-84E0-62A5812C0587}.Debug|Any CPU.ActiveCfg = Debug|Any CPU
		{762923F8-5D90-44E8-84E0-62A5812C0587}.Debug|Any CPU.Build.0 = Debug|Any CPU
		{762923F8-5D90-44E8-84E0-62A5812C0587}.Release|Any CPU.ActiveCfg = Release|Any CPU
		{762923F8-5D90-44E8-84E0-62A5812C0587}.Release|Any CPU.Build.0 = Release|Any CPU
		{40AD8326-9D68-43AF-BCD2-800686DA249C}.Debug|Any CPU.ActiveCfg = Debug|Any CPU
		{40AD8326-9D68-43AF-BCD2-800686DA249C}.Debug|Any CPU.Build.0 = Debug|Any CPU
		{40AD8326-9D68-43AF-BCD2-800686DA249C}.Release|Any CPU.ActiveCfg = Release|Any CPU
		{40AD8326-9D68-43AF-BCD2-800686DA249C}.Release|Any CPU.Build.0 = Release|Any CPU
		{20EB86DE-E059-49BC-A0BC-DEDBFDE4A95F}.Debug|Any CPU.ActiveCfg = Debug|Any CPU
		{20EB86DE-E059-49BC-A0BC-DEDBFDE4A95F}.Debug|Any CPU.Build.0 = Debug|Any CPU
		{20EB86DE-E059-49BC-A0BC-DEDBFDE4A95F}.Release|Any CPU.ActiveCfg = Release|Any CPU
		{20EB86DE-E059-49BC-A0BC-DEDBFDE4A95F}.Release|Any CPU.Build.0 = Release|Any CPU
		{65D2283F-2C48-4B50-AC2D-64924BDD482B}.Debug|Any CPU.ActiveCfg = Debug|Any CPU
		{65D2283F-2C48-4B50-AC2D-64924BDD482B}.Debug|Any CPU.Build.0 = Debug|Any CPU
		{65D2283F-2C48-4B50-AC2D-64924BDD482B}.Release|Any CPU.ActiveCfg = Release|Any CPU
		{65D2283F-2C48-4B50-AC2D-64924BDD482B}.Release|Any CPU.Build.0 = Release|Any CPU
		{DC380210-2293-46E8-A6B0-65794AAC301D}.Debug|Any CPU.ActiveCfg = Debug|Any CPU
		{DC380210-2293-46E8-A6B0-65794AAC301D}.Debug|Any CPU.Build.0 = Debug|Any CPU
		{DC380210-2293-46E8-A6B0-65794AAC301D}.Release|Any CPU.ActiveCfg = Release|Any CPU
		{DC380210-2293-46E8-A6B0-65794AAC301D}.Release|Any CPU.Build.0 = Release|Any CPU
		{EC770155-8282-4992-B15D-D2D3A0A06C61}.Debug|Any CPU.ActiveCfg = Debug|Any CPU
		{EC770155-8282-4992-B15D-D2D3A0A06C61}.Debug|Any CPU.Build.0 = Debug|Any CPU
		{EC770155-8282-4992-B15D-D2D3A0A06C61}.Release|Any CPU.ActiveCfg = Release|Any CPU
		{EC770155-8282-4992-B15D-D2D3A0A06C61}.Release|Any CPU.Build.0 = Release|Any CPU
		{34B18AB1-DC43-4DEA-8C0E-7B907842F688}.Debug|Any CPU.ActiveCfg = Debug|Any CPU
		{34B18AB1-DC43-4DEA-8C0E-7B907842F688}.Debug|Any CPU.Build.0 = Debug|Any CPU
		{34B18AB1-DC43-4DEA-8C0E-7B907842F688}.Release|Any CPU.ActiveCfg = Release|Any CPU
		{34B18AB1-DC43-4DEA-8C0E-7B907842F688}.Release|Any CPU.Build.0 = Release|Any CPU
		{31EEFF0F-B3E3-4721-91D6-779E0FF9EC36}.Debug|Any CPU.ActiveCfg = Debug|Any CPU
		{31EEFF0F-B3E3-4721-91D6-779E0FF9EC36}.Debug|Any CPU.Build.0 = Debug|Any CPU
		{31EEFF0F-B3E3-4721-91D6-779E0FF9EC36}.Release|Any CPU.ActiveCfg = Release|Any CPU
		{31EEFF0F-B3E3-4721-91D6-779E0FF9EC36}.Release|Any CPU.Build.0 = Release|Any CPU
		{4C5C7AA6-BCCC-4DA2-B319-C6C8270B712E}.Debug|Any CPU.ActiveCfg = Debug|Any CPU
		{4C5C7AA6-BCCC-4DA2-B319-C6C8270B712E}.Debug|Any CPU.Build.0 = Debug|Any CPU
		{4C5C7AA6-BCCC-4DA2-B319-C6C8270B712E}.Release|Any CPU.ActiveCfg = Release|Any CPU
		{4C5C7AA6-BCCC-4DA2-B319-C6C8270B712E}.Release|Any CPU.Build.0 = Release|Any CPU
		{EA6721D9-E17A-49CD-A15D-61020D1F5A61}.Debug|Any CPU.ActiveCfg = Debug|Any CPU
		{EA6721D9-E17A-49CD-A15D-61020D1F5A61}.Debug|Any CPU.Build.0 = Debug|Any CPU
		{EA6721D9-E17A-49CD-A15D-61020D1F5A61}.Release|Any CPU.ActiveCfg = Release|Any CPU
		{EA6721D9-E17A-49CD-A15D-61020D1F5A61}.Release|Any CPU.Build.0 = Release|Any CPU
		{89ADAFB8-916F-4515-9E08-E03CD94ECB49}.Debug|Any CPU.ActiveCfg = Debug|Any CPU
		{89ADAFB8-916F-4515-9E08-E03CD94ECB49}.Debug|Any CPU.Build.0 = Debug|Any CPU
		{89ADAFB8-916F-4515-9E08-E03CD94ECB49}.Release|Any CPU.ActiveCfg = Release|Any CPU
		{89ADAFB8-916F-4515-9E08-E03CD94ECB49}.Release|Any CPU.Build.0 = Release|Any CPU
		{0D0BE0BB-C2D5-40E0-9C2C-9A61CA142358}.Debug|Any CPU.ActiveCfg = Debug|Any CPU
		{0D0BE0BB-C2D5-40E0-9C2C-9A61CA142358}.Debug|Any CPU.Build.0 = Debug|Any CPU
		{0D0BE0BB-C2D5-40E0-9C2C-9A61CA142358}.Release|Any CPU.ActiveCfg = Release|Any CPU
		{0D0BE0BB-C2D5-40E0-9C2C-9A61CA142358}.Release|Any CPU.Build.0 = Release|Any CPU
		{18688ED5-76C0-437F-8AE4-502DE653A46D}.Debug|Any CPU.ActiveCfg = Debug|Any CPU
		{18688ED5-76C0-437F-8AE4-502DE653A46D}.Debug|Any CPU.Build.0 = Debug|Any CPU
		{18688ED5-76C0-437F-8AE4-502DE653A46D}.Release|Any CPU.ActiveCfg = Release|Any CPU
		{18688ED5-76C0-437F-8AE4-502DE653A46D}.Release|Any CPU.Build.0 = Release|Any CPU
		{2F9D6293-DB10-4140-BE58-410BFDB2FF68}.Debug|Any CPU.ActiveCfg = Debug|Any CPU
		{2F9D6293-DB10-4140-BE58-410BFDB2FF68}.Debug|Any CPU.Build.0 = Debug|Any CPU
		{2F9D6293-DB10-4140-BE58-410BFDB2FF68}.Release|Any CPU.ActiveCfg = Release|Any CPU
		{2F9D6293-DB10-4140-BE58-410BFDB2FF68}.Release|Any CPU.Build.0 = Release|Any CPU
		{B2BAFA99-5B25-46B4-91C1-6D78162BCEF8}.Debug|Any CPU.ActiveCfg = Debug|Any CPU
		{B2BAFA99-5B25-46B4-91C1-6D78162BCEF8}.Debug|Any CPU.Build.0 = Debug|Any CPU
		{B2BAFA99-5B25-46B4-91C1-6D78162BCEF8}.Release|Any CPU.ActiveCfg = Release|Any CPU
		{B2BAFA99-5B25-46B4-91C1-6D78162BCEF8}.Release|Any CPU.Build.0 = Release|Any CPU
		{7FF755CE-AA78-4D78-A53B-6ADC07B872A8}.Debug|Any CPU.ActiveCfg = Debug|Any CPU
		{7FF755CE-AA78-4D78-A53B-6ADC07B872A8}.Debug|Any CPU.Build.0 = Debug|Any CPU
		{7FF755CE-AA78-4D78-A53B-6ADC07B872A8}.Release|Any CPU.ActiveCfg = Release|Any CPU
		{7FF755CE-AA78-4D78-A53B-6ADC07B872A8}.Release|Any CPU.Build.0 = Release|Any CPU
		{58C096F8-C670-4CCC-BAE4-F8DAFB5CF4AD}.Debug|Any CPU.ActiveCfg = Debug|Any CPU
		{58C096F8-C670-4CCC-BAE4-F8DAFB5CF4AD}.Debug|Any CPU.Build.0 = Debug|Any CPU
		{58C096F8-C670-4CCC-BAE4-F8DAFB5CF4AD}.Release|Any CPU.ActiveCfg = Release|Any CPU
		{58C096F8-C670-4CCC-BAE4-F8DAFB5CF4AD}.Release|Any CPU.Build.0 = Release|Any CPU
		{23AFA29E-C742-457C-8CD8-BFC731B3EB6C}.Debug|Any CPU.ActiveCfg = Debug|Any CPU
		{23AFA29E-C742-457C-8CD8-BFC731B3EB6C}.Debug|Any CPU.Build.0 = Debug|Any CPU
		{23AFA29E-C742-457C-8CD8-BFC731B3EB6C}.Release|Any CPU.ActiveCfg = Release|Any CPU
		{23AFA29E-C742-457C-8CD8-BFC731B3EB6C}.Release|Any CPU.Build.0 = Release|Any CPU
		{4CBB13D3-E923-460D-939E-A47E8330AA5F}.Debug|Any CPU.ActiveCfg = Debug|Any CPU
		{4CBB13D3-E923-460D-939E-A47E8330AA5F}.Debug|Any CPU.Build.0 = Debug|Any CPU
		{4CBB13D3-E923-460D-939E-A47E8330AA5F}.Release|Any CPU.ActiveCfg = Release|Any CPU
		{4CBB13D3-E923-460D-939E-A47E8330AA5F}.Release|Any CPU.Build.0 = Release|Any CPU
		{CCD5285F-7BA0-45A4-9688-967C033FDA06}.Debug|Any CPU.ActiveCfg = Debug|Any CPU
		{CCD5285F-7BA0-45A4-9688-967C033FDA06}.Debug|Any CPU.Build.0 = Debug|Any CPU
		{CCD5285F-7BA0-45A4-9688-967C033FDA06}.Release|Any CPU.ActiveCfg = Release|Any CPU
		{CCD5285F-7BA0-45A4-9688-967C033FDA06}.Release|Any CPU.Build.0 = Release|Any CPU
		{042E8E80-E280-4078-B933-24073685D2B0}.Debug|Any CPU.ActiveCfg = Debug|Any CPU
		{042E8E80-E280-4078-B933-24073685D2B0}.Debug|Any CPU.Build.0 = Debug|Any CPU
		{042E8E80-E280-4078-B933-24073685D2B0}.Release|Any CPU.ActiveCfg = Release|Any CPU
		{042E8E80-E280-4078-B933-24073685D2B0}.Release|Any CPU.Build.0 = Release|Any CPU
		{A37EF462-9BAC-4E89-9641-C27A2A506F87}.Debug|Any CPU.ActiveCfg = Debug|Any CPU
		{A37EF462-9BAC-4E89-9641-C27A2A506F87}.Debug|Any CPU.Build.0 = Debug|Any CPU
		{A37EF462-9BAC-4E89-9641-C27A2A506F87}.Release|Any CPU.ActiveCfg = Release|Any CPU
		{A37EF462-9BAC-4E89-9641-C27A2A506F87}.Release|Any CPU.Build.0 = Release|Any CPU
		{42E0BEC4-F21F-4C43-BC8E-2FFF06A8A5F0}.Debug|Any CPU.ActiveCfg = Debug|Any CPU
		{42E0BEC4-F21F-4C43-BC8E-2FFF06A8A5F0}.Debug|Any CPU.Build.0 = Debug|Any CPU
		{42E0BEC4-F21F-4C43-BC8E-2FFF06A8A5F0}.Release|Any CPU.ActiveCfg = Release|Any CPU
		{42E0BEC4-F21F-4C43-BC8E-2FFF06A8A5F0}.Release|Any CPU.Build.0 = Release|Any CPU
		{A5A265E0-DF1A-4B9B-9A62-62DD36DB0405}.Debug|Any CPU.ActiveCfg = Debug|Any CPU
		{A5A265E0-DF1A-4B9B-9A62-62DD36DB0405}.Debug|Any CPU.Build.0 = Debug|Any CPU
		{A5A265E0-DF1A-4B9B-9A62-62DD36DB0405}.Release|Any CPU.ActiveCfg = Release|Any CPU
		{A5A265E0-DF1A-4B9B-9A62-62DD36DB0405}.Release|Any CPU.Build.0 = Release|Any CPU
		{4697DCC1-D4C5-47B4-98F8-3DCAB52C6CEF}.Debug|Any CPU.ActiveCfg = Debug|Any CPU
		{4697DCC1-D4C5-47B4-98F8-3DCAB52C6CEF}.Debug|Any CPU.Build.0 = Debug|Any CPU
		{4697DCC1-D4C5-47B4-98F8-3DCAB52C6CEF}.Release|Any CPU.ActiveCfg = Release|Any CPU
		{4697DCC1-D4C5-47B4-98F8-3DCAB52C6CEF}.Release|Any CPU.Build.0 = Release|Any CPU
		{92028E09-F203-4138-BCF4-43DAF1AC3EF9}.Debug|Any CPU.ActiveCfg = Debug|Any CPU
		{92028E09-F203-4138-BCF4-43DAF1AC3EF9}.Debug|Any CPU.Build.0 = Debug|Any CPU
		{92028E09-F203-4138-BCF4-43DAF1AC3EF9}.Release|Any CPU.ActiveCfg = Release|Any CPU
		{92028E09-F203-4138-BCF4-43DAF1AC3EF9}.Release|Any CPU.Build.0 = Release|Any CPU
		{AFE26840-35FB-44D1-BD4B-94C657E860C1}.Debug|Any CPU.ActiveCfg = Debug|Any CPU
		{AFE26840-35FB-44D1-BD4B-94C657E860C1}.Debug|Any CPU.Build.0 = Debug|Any CPU
		{AFE26840-35FB-44D1-BD4B-94C657E860C1}.Release|Any CPU.ActiveCfg = Release|Any CPU
		{AFE26840-35FB-44D1-BD4B-94C657E860C1}.Release|Any CPU.Build.0 = Release|Any CPU
		{7DCC5FE8-8BDA-43D3-859F-91DA3C86E18F}.Debug|Any CPU.ActiveCfg = Debug|Any CPU
		{7DCC5FE8-8BDA-43D3-859F-91DA3C86E18F}.Debug|Any CPU.Build.0 = Debug|Any CPU
		{7DCC5FE8-8BDA-43D3-859F-91DA3C86E18F}.Release|Any CPU.ActiveCfg = Release|Any CPU
		{7DCC5FE8-8BDA-43D3-859F-91DA3C86E18F}.Release|Any CPU.Build.0 = Release|Any CPU
		{75EC7451-5F71-4A93-A235-DDD1715BE62B}.Debug|Any CPU.ActiveCfg = Debug|Any CPU
		{75EC7451-5F71-4A93-A235-DDD1715BE62B}.Debug|Any CPU.Build.0 = Debug|Any CPU
		{75EC7451-5F71-4A93-A235-DDD1715BE62B}.Release|Any CPU.ActiveCfg = Release|Any CPU
		{75EC7451-5F71-4A93-A235-DDD1715BE62B}.Release|Any CPU.Build.0 = Release|Any CPU
		{1F748D00-F289-4AFC-9F27-E9076D1D2C03}.Debug|Any CPU.ActiveCfg = Debug|Any CPU
		{1F748D00-F289-4AFC-9F27-E9076D1D2C03}.Debug|Any CPU.Build.0 = Debug|Any CPU
		{1F748D00-F289-4AFC-9F27-E9076D1D2C03}.Release|Any CPU.ActiveCfg = Release|Any CPU
		{1F748D00-F289-4AFC-9F27-E9076D1D2C03}.Release|Any CPU.Build.0 = Release|Any CPU
		{95C6E000-A181-4E6F-B021-A76D47EF6B16}.Debug|Any CPU.ActiveCfg = Debug|Any CPU
		{95C6E000-A181-4E6F-B021-A76D47EF6B16}.Debug|Any CPU.Build.0 = Debug|Any CPU
		{95C6E000-A181-4E6F-B021-A76D47EF6B16}.Release|Any CPU.ActiveCfg = Release|Any CPU
		{95C6E000-A181-4E6F-B021-A76D47EF6B16}.Release|Any CPU.Build.0 = Release|Any CPU
		{8E94F48D-B542-496C-825E-D3BDA826277D}.Debug|Any CPU.ActiveCfg = Debug|Any CPU
		{8E94F48D-B542-496C-825E-D3BDA826277D}.Debug|Any CPU.Build.0 = Debug|Any CPU
		{8E94F48D-B542-496C-825E-D3BDA826277D}.Release|Any CPU.ActiveCfg = Release|Any CPU
		{8E94F48D-B542-496C-825E-D3BDA826277D}.Release|Any CPU.Build.0 = Release|Any CPU
		{53AEC80F-A073-451D-974E-F52DAD2715A4}.Debug|Any CPU.ActiveCfg = Debug|Any CPU
		{53AEC80F-A073-451D-974E-F52DAD2715A4}.Debug|Any CPU.Build.0 = Debug|Any CPU
		{53AEC80F-A073-451D-974E-F52DAD2715A4}.Release|Any CPU.ActiveCfg = Release|Any CPU
		{53AEC80F-A073-451D-974E-F52DAD2715A4}.Release|Any CPU.Build.0 = Release|Any CPU
		{40CE884A-6030-4446-AFE3-71B6F5729EDA}.Debug|Any CPU.ActiveCfg = Debug|Any CPU
		{40CE884A-6030-4446-AFE3-71B6F5729EDA}.Debug|Any CPU.Build.0 = Debug|Any CPU
		{40CE884A-6030-4446-AFE3-71B6F5729EDA}.Release|Any CPU.ActiveCfg = Release|Any CPU
		{40CE884A-6030-4446-AFE3-71B6F5729EDA}.Release|Any CPU.Build.0 = Release|Any CPU
		{3D14C509-F031-4E32-85B5-4E691ED8547A}.Debug|Any CPU.ActiveCfg = Debug|Any CPU
		{3D14C509-F031-4E32-85B5-4E691ED8547A}.Debug|Any CPU.Build.0 = Debug|Any CPU
		{3D14C509-F031-4E32-85B5-4E691ED8547A}.Release|Any CPU.ActiveCfg = Release|Any CPU
		{3D14C509-F031-4E32-85B5-4E691ED8547A}.Release|Any CPU.Build.0 = Release|Any CPU
		{D76D12AD-D084-4E2D-9B1F-AA48ED098BFC}.Debug|Any CPU.ActiveCfg = Debug|Any CPU
		{D76D12AD-D084-4E2D-9B1F-AA48ED098BFC}.Debug|Any CPU.Build.0 = Debug|Any CPU
		{D76D12AD-D084-4E2D-9B1F-AA48ED098BFC}.Release|Any CPU.ActiveCfg = Release|Any CPU
		{D76D12AD-D084-4E2D-9B1F-AA48ED098BFC}.Release|Any CPU.Build.0 = Release|Any CPU
		{AFA24908-C5CB-4008-BEAE-4E0BC72A6AD6}.Debug|Any CPU.ActiveCfg = Debug|Any CPU
		{AFA24908-C5CB-4008-BEAE-4E0BC72A6AD6}.Debug|Any CPU.Build.0 = Debug|Any CPU
		{AFA24908-C5CB-4008-BEAE-4E0BC72A6AD6}.Release|Any CPU.ActiveCfg = Release|Any CPU
		{AFA24908-C5CB-4008-BEAE-4E0BC72A6AD6}.Release|Any CPU.Build.0 = Release|Any CPU
		{9EFDAF0C-3C23-47D9-90EA-38B51F916194}.Debug|Any CPU.ActiveCfg = Debug|Any CPU
		{9EFDAF0C-3C23-47D9-90EA-38B51F916194}.Debug|Any CPU.Build.0 = Debug|Any CPU
		{9EFDAF0C-3C23-47D9-90EA-38B51F916194}.Release|Any CPU.ActiveCfg = Release|Any CPU
		{9EFDAF0C-3C23-47D9-90EA-38B51F916194}.Release|Any CPU.Build.0 = Release|Any CPU
		{023D4E86-E76B-4348-A3E0-CCA85E0DF78F}.Debug|Any CPU.ActiveCfg = Debug|Any CPU
		{023D4E86-E76B-4348-A3E0-CCA85E0DF78F}.Debug|Any CPU.Build.0 = Debug|Any CPU
		{023D4E86-E76B-4348-A3E0-CCA85E0DF78F}.Release|Any CPU.ActiveCfg = Release|Any CPU
		{023D4E86-E76B-4348-A3E0-CCA85E0DF78F}.Release|Any CPU.Build.0 = Release|Any CPU
		{0168789C-1DD2-4A97-B9B4-12C079518429}.Debug|Any CPU.ActiveCfg = Debug|Any CPU
		{0168789C-1DD2-4A97-B9B4-12C079518429}.Debug|Any CPU.Build.0 = Debug|Any CPU
		{0168789C-1DD2-4A97-B9B4-12C079518429}.Release|Any CPU.ActiveCfg = Release|Any CPU
		{0168789C-1DD2-4A97-B9B4-12C079518429}.Release|Any CPU.Build.0 = Release|Any CPU
	EndGlobalSection
	GlobalSection(SolutionProperties) = preSolution
		HideSolutionNode = FALSE
	EndGlobalSection
	GlobalSection(NestedProjects) = preSolution
		{56FA5B25-7C74-4081-BF5E-0136DDFB6247} = {DBD52413-785F-40FE-8EC0-43F848BD28FD}
		{4B3CF336-567C-4E27-A186-363BEB4C8BFE} = {DBD52413-785F-40FE-8EC0-43F848BD28FD}
		{D6AA6529-2B81-4337-9C02-E5D4785516DE} = {DBD52413-785F-40FE-8EC0-43F848BD28FD}
		{225DEDB2-E67B-4E66-ABD5-36A0523B7BD7} = {DBD52413-785F-40FE-8EC0-43F848BD28FD}
		{20DA6D2C-BEF3-4580-8D5C-292888736259} = {DBD52413-785F-40FE-8EC0-43F848BD28FD}
		{7B147F50-D001-4233-B292-A07498A85496} = {DBD52413-785F-40FE-8EC0-43F848BD28FD}
		{81661C33-362B-4392-9769-BCBC3AF2957D} = {DBD52413-785F-40FE-8EC0-43F848BD28FD}
		{B13587F4-6FE6-4B3C-99C4-4B7B5E42800F} = {DBD52413-785F-40FE-8EC0-43F848BD28FD}
		{3E73BE60-1215-41B5-8F68-10CB61ECDF28} = {DBD52413-785F-40FE-8EC0-43F848BD28FD}
		{DB0D25E8-7A5E-4E58-B42D-4CC11C7349A7} = {DBD52413-785F-40FE-8EC0-43F848BD28FD}
		{576EDA2A-A1B4-4774-A492-BF6BB9A1CE98} = {DBD52413-785F-40FE-8EC0-43F848BD28FD}
		{7445339F-5012-4215-B911-11ED7BD38413} = {DBD52413-785F-40FE-8EC0-43F848BD28FD}
		{442EE3EB-94E0-48BC-8942-F460E02C92C3} = {DBD52413-785F-40FE-8EC0-43F848BD28FD}
		{11780DB4-B510-46AB-B201-A11038504B7E} = {DBD52413-785F-40FE-8EC0-43F848BD28FD}
		{368F5DE2-3DBC-42FD-BB34-95AB902ADCBA} = {DBD52413-785F-40FE-8EC0-43F848BD28FD}
		{B1C2256C-9055-494B-A9B5-EA4C5D7E1B76} = {DBD52413-785F-40FE-8EC0-43F848BD28FD}
		{A704783B-4513-425A-8D1D-062794A568FF} = {DBD52413-785F-40FE-8EC0-43F848BD28FD}
		{53CE941E-1583-46B7-832D-32F5FE438111} = {DBD52413-785F-40FE-8EC0-43F848BD28FD}
		{D5330A52-19EB-4849-A970-C9171963C473} = {DBD52413-785F-40FE-8EC0-43F848BD28FD}
		{77C01C8F-C1DB-4D1D-82DF-5E91B5137254} = {DBD52413-785F-40FE-8EC0-43F848BD28FD}
		{F8AB85EB-7807-4053-9615-2A3E715699BC} = {DBD52413-785F-40FE-8EC0-43F848BD28FD}
		{D529BD8D-AC9C-49F9-93A1-9B728CEE035C} = {DBD52413-785F-40FE-8EC0-43F848BD28FD}
		{9FA6B52D-5A86-40CC-823A-FA3CB07FA0CA} = {DBD52413-785F-40FE-8EC0-43F848BD28FD}
		{FDD6F51D-C903-45C6-BEE5-FC145C939E55} = {DBD52413-785F-40FE-8EC0-43F848BD28FD}
		{F2737477-D633-4B0E-9474-3BD7F81F51F5} = {DBD52413-785F-40FE-8EC0-43F848BD28FD}
		{1ECE6D1F-D146-40F0-9D14-D0AB3D6ADE33} = {DBD52413-785F-40FE-8EC0-43F848BD28FD}
		{115A104C-68DC-422F-A102-255EBBF3550E} = {DBD52413-785F-40FE-8EC0-43F848BD28FD}
		{9F33FA76-311A-408C-86EE-003C118318F4} = {DBD52413-785F-40FE-8EC0-43F848BD28FD}
		{7AEBC8C3-D1E4-4BF7-BBCB-9E803E0041DF} = {FA3CE468-C605-45A1-ADAF-547DBB9D8A09}
		{BC9BBED9-50A3-4F9C-9583-E65CB729F1FB} = {DBD52413-785F-40FE-8EC0-43F848BD28FD}
		{3A3A8C31-19BB-49E8-9CA6-7B33DE6D28DA} = {DBD52413-785F-40FE-8EC0-43F848BD28FD}
		{E51D4B98-7B4C-4DF7-A767-0B1E8CC5948F} = {DBD52413-785F-40FE-8EC0-43F848BD28FD}
		{9B854DA2-D5A7-4698-BE36-18177444426C} = {DBD52413-785F-40FE-8EC0-43F848BD28FD}
		{B876C20A-5BD8-4908-8589-0E89FB42AF5A} = {DBD52413-785F-40FE-8EC0-43F848BD28FD}
		{1BA8A96B-B86A-47C1-9306-5EC2D0580D17} = {DBD52413-785F-40FE-8EC0-43F848BD28FD}
		{0A2F3745-6B72-449C-AE2E-6B2E7C223FDB} = {DBD52413-785F-40FE-8EC0-43F848BD28FD}
		{EE82E2D3-F594-4786-8F67-D97D3BCF9878} = {DBD52413-785F-40FE-8EC0-43F848BD28FD}
		{998ED616-1478-4EFF-B823-9A4422268C83} = {DBD52413-785F-40FE-8EC0-43F848BD28FD}
		{6262BE4E-6323-40CD-9DB7-890A0C3A01E9} = {DBD52413-785F-40FE-8EC0-43F848BD28FD}
		{AECD5D42-096C-418C-8198-FF662EE359FF} = {DBD52413-785F-40FE-8EC0-43F848BD28FD}
		{982A98EB-318E-4C55-94DC-24FF70957383} = {DBD52413-785F-40FE-8EC0-43F848BD28FD}
		{0FF384BB-2ED3-4B08-804A-CE66BEAC0ECD} = {FA3CE468-C605-45A1-ADAF-547DBB9D8A09}
		{94D1B8C6-978B-4CB5-8253-561E7A33AFB9} = {FA3CE468-C605-45A1-ADAF-547DBB9D8A09}
		{64989E47-BE49-4EB3-8C17-C9882378E360} = {FA3CE468-C605-45A1-ADAF-547DBB9D8A09}
		{DD8B3567-9867-4678-91E8-217FCDD1247D} = {FA3CE468-C605-45A1-ADAF-547DBB9D8A09}
		{CD35AC4E-F640-4430-B28F-71481B894C7D} = {FA3CE468-C605-45A1-ADAF-547DBB9D8A09}
		{3944831C-4D48-4526-9FEA-3BEA6FD5324F} = {FA3CE468-C605-45A1-ADAF-547DBB9D8A09}
		{068BAC65-7EB6-405D-A20A-D2CE24B4F05A} = {B292531F-E498-402F-AE41-287AE53A4865}
		{C829B123-1344-40BE-B974-084D54A0287F} = {FA3CE468-C605-45A1-ADAF-547DBB9D8A09}
		{74DAA57A-AD92-4035-B678-1E39FD745CFE} = {B292531F-E498-402F-AE41-287AE53A4865}
		{CD350BEC-A8CA-4E80-BBA2-AE4074E2B1AA} = {B292531F-E498-402F-AE41-287AE53A4865}
		{D9CE4D68-A375-4523-8B34-39260A94C6A6} = {B292531F-E498-402F-AE41-287AE53A4865}
		{762923F8-5D90-44E8-84E0-62A5812C0587} = {B292531F-E498-402F-AE41-287AE53A4865}
		{40AD8326-9D68-43AF-BCD2-800686DA249C} = {FA3CE468-C605-45A1-ADAF-547DBB9D8A09}
		{20EB86DE-E059-49BC-A0BC-DEDBFDE4A95F} = {FA3CE468-C605-45A1-ADAF-547DBB9D8A09}
		{65D2283F-2C48-4B50-AC2D-64924BDD482B} = {FA3CE468-C605-45A1-ADAF-547DBB9D8A09}
		{DC380210-2293-46E8-A6B0-65794AAC301D} = {FA3CE468-C605-45A1-ADAF-547DBB9D8A09}
		{EC770155-8282-4992-B15D-D2D3A0A06C61} = {B292531F-E498-402F-AE41-287AE53A4865}
		{34B18AB1-DC43-4DEA-8C0E-7B907842F688} = {FA3CE468-C605-45A1-ADAF-547DBB9D8A09}
		{31EEFF0F-B3E3-4721-91D6-779E0FF9EC36} = {FA3CE468-C605-45A1-ADAF-547DBB9D8A09}
		{4C5C7AA6-BCCC-4DA2-B319-C6C8270B712E} = {FA3CE468-C605-45A1-ADAF-547DBB9D8A09}
		{EA6721D9-E17A-49CD-A15D-61020D1F5A61} = {FA3CE468-C605-45A1-ADAF-547DBB9D8A09}
		{89ADAFB8-916F-4515-9E08-E03CD94ECB49} = {B292531F-E498-402F-AE41-287AE53A4865}
		{0D0BE0BB-C2D5-40E0-9C2C-9A61CA142358} = {FA3CE468-C605-45A1-ADAF-547DBB9D8A09}
		{18688ED5-76C0-437F-8AE4-502DE653A46D} = {FA3CE468-C605-45A1-ADAF-547DBB9D8A09}
		{2F9D6293-DB10-4140-BE58-410BFDB2FF68} = {B292531F-E498-402F-AE41-287AE53A4865}
		{B2BAFA99-5B25-46B4-91C1-6D78162BCEF8} = {B292531F-E498-402F-AE41-287AE53A4865}
		{7FF755CE-AA78-4D78-A53B-6ADC07B872A8} = {B292531F-E498-402F-AE41-287AE53A4865}
		{58C096F8-C670-4CCC-BAE4-F8DAFB5CF4AD} = {B292531F-E498-402F-AE41-287AE53A4865}
		{23AFA29E-C742-457C-8CD8-BFC731B3EB6C} = {B292531F-E498-402F-AE41-287AE53A4865}
		{4CBB13D3-E923-460D-939E-A47E8330AA5F} = {FA3CE468-C605-45A1-ADAF-547DBB9D8A09}
		{CCD5285F-7BA0-45A4-9688-967C033FDA06} = {FA3CE468-C605-45A1-ADAF-547DBB9D8A09}
		{042E8E80-E280-4078-B933-24073685D2B0} = {FA3CE468-C605-45A1-ADAF-547DBB9D8A09}
		{A37EF462-9BAC-4E89-9641-C27A2A506F87} = {FA3CE468-C605-45A1-ADAF-547DBB9D8A09}
		{42E0BEC4-F21F-4C43-BC8E-2FFF06A8A5F0} = {FA3CE468-C605-45A1-ADAF-547DBB9D8A09}
		{A5A265E0-DF1A-4B9B-9A62-62DD36DB0405} = {F743BEB0-E101-4605-9504-2A85061E0AA7}
		{4697DCC1-D4C5-47B4-98F8-3DCAB52C6CEF} = {F743BEB0-E101-4605-9504-2A85061E0AA7}
		{92028E09-F203-4138-BCF4-43DAF1AC3EF9} = {F743BEB0-E101-4605-9504-2A85061E0AA7}
		{AFE26840-35FB-44D1-BD4B-94C657E860C1} = {B292531F-E498-402F-AE41-287AE53A4865}
		{7DCC5FE8-8BDA-43D3-859F-91DA3C86E18F} = {B292531F-E498-402F-AE41-287AE53A4865}
		{75EC7451-5F71-4A93-A235-DDD1715BE62B} = {B292531F-E498-402F-AE41-287AE53A4865}
		{1F748D00-F289-4AFC-9F27-E9076D1D2C03} = {FA3CE468-C605-45A1-ADAF-547DBB9D8A09}
		{95C6E000-A181-4E6F-B021-A76D47EF6B16} = {B292531F-E498-402F-AE41-287AE53A4865}
		{8E94F48D-B542-496C-825E-D3BDA826277D} = {B7E0DF53-E351-465B-8938-BE95C6BAF82F}
		{53AEC80F-A073-451D-974E-F52DAD2715A4} = {B7E0DF53-E351-465B-8938-BE95C6BAF82F}
		{40CE884A-6030-4446-AFE3-71B6F5729EDA} = {B7E0DF53-E351-465B-8938-BE95C6BAF82F}
		{3D14C509-F031-4E32-85B5-4E691ED8547A} = {B7E0DF53-E351-465B-8938-BE95C6BAF82F}
		{D76D12AD-D084-4E2D-9B1F-AA48ED098BFC} = {B7E0DF53-E351-465B-8938-BE95C6BAF82F}
		{AFA24908-C5CB-4008-BEAE-4E0BC72A6AD6} = {B7E0DF53-E351-465B-8938-BE95C6BAF82F}
		{9EFDAF0C-3C23-47D9-90EA-38B51F916194} = {B7E0DF53-E351-465B-8938-BE95C6BAF82F}
		{023D4E86-E76B-4348-A3E0-CCA85E0DF78F} = {B7E0DF53-E351-465B-8938-BE95C6BAF82F}
		{0168789C-1DD2-4A97-B9B4-12C079518429} = {B7E0DF53-E351-465B-8938-BE95C6BAF82F}
	EndGlobalSection
EndGlobal
